
Microsoft Visual Studio Solution File, Format Version 12.00
Project("{FAE04EC0-301F-11D3-BF4B-00C04F79EFBC}") = "Complexity", "Complexity\Complexity.csproj", "{ECDD20C6-BF21-41AF-9DC4-457C1C12C073}"
EndProject
Global
	GlobalSection(SolutionConfigurationPlatforms) = preSolution
		Debug|Any CPU = Debug|Any CPU
		Release|Any CPU = Release|Any CPU
	EndGlobalSection
	GlobalSection(ProjectConfigurationPlatforms) = postSolution
		{ECDD20C6-BF21-41AF-9DC4-457C1C12C073}.Debug|Any CPU.ActiveCfg = Debug|Any CPU
		{ECDD20C6-BF21-41AF-9DC4-457C1C12C073}.Debug|Any CPU.Build.0 = Debug|Any CPU
		{ECDD20C6-BF21-41AF-9DC4-457C1C12C073}.Release|Any CPU.ActiveCfg = Release|Any CPU
		{ECDD20C6-BF21-41AF-9DC4-457C1C12C073}.Release|Any CPU.Build.0 = Release|Any CPU
	EndGlobalSection
EndGlobal
